github.com/Sarah-Workman/Sarah-Burnsworth---GoPath v1.0.0 h1:sUo/Hc4G3CSJiBw+9tQWFS7yqvHyvMwyWj3sUcimNZk=
github.com/Sarah-Workman/Sarah-Burnsworth---GoPath v1.0.0/go.mod h1:d32v4w0Iyx0I47MjrvpsswHCsRQcnihv5SYFIgMPcqw=
github.com/go-chi/chi/v5 v5.2.1 h1:KOIHODQj58PmL80G2Eak4WdvUzjSJSm0vG72crDCqb8=
github.com/go-chi/chi/v5 v5.2.1/go.mod h1:L2yAIGWB3H+phAw1NxKwWM+7eUH/lU8pOMm5hHcoops=
